lockfileVersion: '9.0'

settings:
  autoInstallPeers: true
  excludeLinksFromLockfile: false

importers:

  .:
    dependencies:
      zod:
        specifier: ^4.1.13
        version: 4.1.13
    devDependencies:
      typescript:
        specifier: ^5.9.3
        version: 5.9.3

  packages/generate/core:
    dependencies:
      zod:
        specifier: ^4.1.13
        version: 4.1.13

  packages/generate/models/gemini:
    dependencies:
      '@generate/core':
        specifier: workspace:*
        version: link:../../core

packages:

  typescript@5.9.3:
    resolution: {integrity: sha512-jl1vZzPDinLr9eUt3J/t7V6FgNEw9QjvBPdysz9KfQDD41fQrC2Y4vKQdiaUpFT4bXlb1RHhLpp8wtm6M5TgSw==}
    engines: {node: '>=14.17'}
    hasBin: true

  zod@4.1.13:
    resolution: {integrity: sha512-AvvthqfqrAhNH9dnfmrfKzX5upOdjUVJYFqNSlkmGf64gRaTzlPwz99IHYnVs28qYAybvAlBV+H7pn0saFY4Ig==}

snapshots:

  typescript@5.9.3: {}

  zod@4.1.13: {}
